
Microsoft Visual Studio Solution File, Format Version 12.00
# Visual Studio Version 17
VisualStudioVersion = 17.4.33205.214
MinimumVisualStudioVersion = 10.0.40219.1
Project("{FAE04EC0-301F-11D3-BF4B-00C04F79EFBC}") = "Instalación de  entorno", "Instalación de  entorno\Instalación de  entorno.csproj", "{F69510F8-383B-4B74-9053-C229B6020666}"
EndProject
Global
	GlobalSection(SolutionConfigurationPlatforms) = preSolution
		Debug|Any CPU = Debug|Any CPU
		Release|Any CPU = Release|Any CPU
	EndGlobalSection
	GlobalSection(ProjectConfigurationPlatforms) = postSolution
		{F69510F8-383B-4B74-9053-C229B6020666}.Debug|Any CPU.ActiveCfg = Debug|Any CPU
		{F69510F8-383B-4B74-9053-C229B6020666}.Debug|Any CPU.Build.0 = Debug|Any CPU
		{F69510F8-383B-4B74-9053-C229B6020666}.Release|Any CPU.ActiveCfg = Release|Any CPU
		{F69510F8-383B-4B74-9053-C229B6020666}.Release|Any CPU.Build.0 = Release|Any CPU
	EndGlobalSection
	GlobalSection(SolutionProperties) = preSolution
		HideSolutionNode = FALSE
	EndGlobalSection
	GlobalSection(ExtensibilityGlobals) = postSolution
		SolutionGuid = {CF788B13-94AE-41DE-B55B-6D762417FC5F}
	EndGlobalSection
EndGlobal
